
Microsoft Visual Studio Solution File, Format Version 12.00
# Visual Studio Version 16
VisualStudioVersion = 16.0.30907.101
MinimumVisualStudioVersion = 10.0.40219.1
Project("{FAE04EC0-301F-11D3-BF4B-00C04F79EFBC}") = "DataAccess", "DataAccess\DataAccess.csproj", "{A22436FA-5C75-4439-BC90-33BCDF779B0B}"
EndProject
Project("{FAE04EC0-301F-11D3-BF4B-00C04F79EFBC}") = "Business", "Business\Business.csproj", "{F3BEA984-C740-4F21-A97E-520324B134C1}"
EndProject
Project("{FAE04EC0-301F-11D3-BF4B-00C04F79EFBC}") = "Entities", "Entities\Entities.csproj", "{14FF7032-496D-45DF-B1F4-082AB54EC96C}"
EndProject
Project("{FAE04EC0-301F-11D3-BF4B-00C04F79EFBC}") = "ConsoleUi", "ConsoleUi\ConsoleUi.csproj", "{5366D232-D7FE-490D-878D-A8ECC3DA392C}"
EndProject
Global
	GlobalSection(SolutionConfigurationPlatforms) = preSolution
		Debug|Any CPU = Debug|Any CPU
		Release|Any CPU = Release|Any CPU
	EndGlobalSection
	GlobalSection(ProjectConfigurationPlatforms) = postSolution
		{A22436FA-5C75-4439-BC90-33BCDF779B0B}.Debug|Any CPU.ActiveCfg = Debug|Any CPU
		{A22436FA-5C75-4439-BC90-33BCDF779B0B}.Debug|Any CPU.Build.0 = Debug|Any CPU
		{A22436FA-5C75-4439-BC90-33BCDF779B0B}.Release|Any CPU.ActiveCfg = Release|Any CPU
		{A22436FA-5C75-4439-BC90-33BCDF779B0B}.Release|Any CPU.Build.0 = Release|Any CPU
		{F3BEA984-C740-4F21-A97E-520324B134C1}.Debug|Any CPU.ActiveCfg = Debug|Any CPU
		{F3BEA984-C740-4F21-A97E-520324B134C1}.Debug|Any CPU.Build.0 = Debug|Any CPU
		{F3BEA984-C740-4F21-A97E-520324B134C1}.Release|Any CPU.ActiveCfg = Release|Any CPU
		{F3BEA984-C740-4F21-A97E-520324B134C1}.Release|Any CPU.Build.0 = Release|Any CPU
		{14FF7032-496D-45DF-B1F4-082AB54EC96C}.Debug|Any CPU.ActiveCfg = Debug|Any CPU
		{14FF7032-496D-45DF-B1F4-082AB54EC96C}.Debug|Any CPU.Build.0 = Debug|Any CPU
		{14FF7032-496D-45DF-B1F4-082AB54EC96C}.Release|Any CPU.ActiveCfg = Release|Any CPU
		{14FF7032-496D-45DF-B1F4-082AB54EC96C}.Release|Any CPU.Build.0 = Release|Any CPU
		{5366D232-D7FE-490D-878D-A8ECC3DA392C}.Debug|Any CPU.ActiveCfg = Debug|Any CPU
		{5366D232-D7FE-490D-878D-A8ECC3DA392C}.Debug|Any CPU.Build.0 = Debug|Any CPU
		{5366D232-D7FE-490D-878D-A8ECC3DA392C}.Release|Any CPU.ActiveCfg = Release|Any CPU
		{5366D232-D7FE-490D-878D-A8ECC3DA392C}.Release|Any CPU.Build.0 = Release|Any CPU
	EndGlobalSection
	GlobalSection(SolutionProperties) = preSolution
		HideSolutionNode = FALSE
	EndGlobalSection
	GlobalSection(ExtensibilityGlobals) = postSolution
		SolutionGuid = {BADC7BA6-215E-474B-BB70-0FC4DDED09AB}
	EndGlobalSection
EndGlobal
